
Microsoft Visual Studio Solution File, Format Version 12.00
# Visual Studio Version 16
VisualStudioVersion = 16.0.29806.167
MinimumVisualStudioVersion = 10.0.40219.1
Project("{FAE04EC0-301F-11D3-BF4B-00C04F79EFBC}") = "Task1", "Task1\Task1.csproj", "{D6931B15-07B6-4475-B008-460C827E9A5E}"
EndProject
Project("{FAE04EC0-301F-11D3-BF4B-00C04F79EFBC}") = "Task2", "Task2\Task2.csproj", "{558544B0-510E-47F9-811E-3C38EC20CB6F}"
EndProject
Global
	GlobalSection(SolutionConfigurationPlatforms) = preSolution
		Debug|Any CPU = Debug|Any CPU
		Release|Any CPU = Release|Any CPU
	EndGlobalSection
	GlobalSection(ProjectConfigurationPlatforms) = postSolution
		{D6931B15-07B6-4475-B008-460C827E9A5E}.Debug|Any CPU.ActiveCfg = Debug|Any CPU
		{D6931B15-07B6-4475-B008-460C827E9A5E}.Debug|Any CPU.Build.0 = Debug|Any CPU
		{D6931B15-07B6-4475-B008-460C827E9A5E}.Release|Any CPU.ActiveCfg = Release|Any CPU
		{D6931B15-07B6-4475-B008-460C827E9A5E}.Release|Any CPU.Build.0 = Release|Any CPU
		{558544B0-510E-47F9-811E-3C38EC20CB6F}.Debug|Any CPU.ActiveCfg = Debug|Any CPU
		{558544B0-510E-47F9-811E-3C38EC20CB6F}.Debug|Any CPU.Build.0 = Debug|Any CPU
		{558544B0-510E-47F9-811E-3C38EC20CB6F}.Release|Any CPU.ActiveCfg = Release|Any CPU
		{558544B0-510E-47F9-811E-3C38EC20CB6F}.Release|Any CPU.Build.0 = Release|Any CPU
	EndGlobalSection
	GlobalSection(SolutionProperties) = preSolution
		HideSolutionNode = FALSE
	EndGlobalSection
	GlobalSection(ExtensibilityGlobals) = postSolution
		SolutionGuid = {3D98EB67-AD40-4147-95E4-DED1DB3A70B3}
	EndGlobalSection
EndGlobal
