
Microsoft Visual Studio Solution File, Format Version 12.00
# Visual Studio Version 16
VisualStudioVersion = 16.0.30114.105
MinimumVisualStudioVersion = 10.0.40219.1
Project("{9A19103F-16F7-4668-BE54-9A1E7A4F7556}") = "Task1", "Task1\Task1.csproj", "{D4CCF861-8D87-4E46-9EBC-2F23E7EE6B63}"
EndProject
Project("{9A19103F-16F7-4668-BE54-9A1E7A4F7556}") = "Task2", "Task2\Task2.csproj", "{80D9E450-D5C4-4BAD-A056-2E14FEA0E0EF}"
EndProject
Project("{FAE04EC0-301F-11D3-BF4B-00C04F79EFBC}") = "Task3", "Task3\Task3.csproj", "{6CD9B2A4-775F-4DE0-9C05-DA0B822C79DE}"
EndProject
Global
	GlobalSection(SolutionConfigurationPlatforms) = preSolution
		Debug|Any CPU = Debug|Any CPU
		Release|Any CPU = Release|Any CPU
	EndGlobalSection
	GlobalSection(ProjectConfigurationPlatforms) = postSolution
		{D4CCF861-8D87-4E46-9EBC-2F23E7EE6B63}.Debug|Any CPU.ActiveCfg = Debug|Any CPU
		{D4CCF861-8D87-4E46-9EBC-2F23E7EE6B63}.Debug|Any CPU.Build.0 = Debug|Any CPU
		{D4CCF861-8D87-4E46-9EBC-2F23E7EE6B63}.Release|Any CPU.ActiveCfg = Release|Any CPU
		{D4CCF861-8D87-4E46-9EBC-2F23E7EE6B63}.Release|Any CPU.Build.0 = Release|Any CPU
		{80D9E450-D5C4-4BAD-A056-2E14FEA0E0EF}.Debug|Any CPU.ActiveCfg = Debug|Any CPU
		{80D9E450-D5C4-4BAD-A056-2E14FEA0E0EF}.Debug|Any CPU.Build.0 = Debug|Any CPU
		{80D9E450-D5C4-4BAD-A056-2E14FEA0E0EF}.Release|Any CPU.ActiveCfg = Release|Any CPU
		{80D9E450-D5C4-4BAD-A056-2E14FEA0E0EF}.Release|Any CPU.Build.0 = Release|Any CPU
		{6CD9B2A4-775F-4DE0-9C05-DA0B822C79DE}.Debug|Any CPU.ActiveCfg = Debug|Any CPU
		{6CD9B2A4-775F-4DE0-9C05-DA0B822C79DE}.Debug|Any CPU.Build.0 = Debug|Any CPU
		{6CD9B2A4-775F-4DE0-9C05-DA0B822C79DE}.Release|Any CPU.ActiveCfg = Release|Any CPU
		{6CD9B2A4-775F-4DE0-9C05-DA0B822C79DE}.Release|Any CPU.Build.0 = Release|Any CPU
	EndGlobalSection
	GlobalSection(SolutionProperties) = preSolution
		HideSolutionNode = FALSE
	EndGlobalSection
	GlobalSection(ExtensibilityGlobals) = postSolution
		SolutionGuid = {63C39525-4514-498B-A6FB-098BD82FE0E5}
	EndGlobalSection
EndGlobal
