
Microsoft Visual Studio Solution File, Format Version 12.00
# Visual Studio Version 16
VisualStudioVersion = 16.0.30114.105
MinimumVisualStudioVersion = 10.0.40219.1
Project("{9A19103F-16F7-4668-BE54-9A1E7A4F7556}") = "EmployeeModels", "EmployeeModels\EmployeeModels.csproj", "{B3403C21-2FFF-43D1-BF0A-A259FABFDD7E}"
EndProject
Project("{FAE04EC0-301F-11D3-BF4B-00C04F79EFBC}") = "Company", "Company\Company.csproj", "{7BADD11B-C175-4570-9F7B-6E97D55A6567}"
EndProject
Global
	GlobalSection(SolutionConfigurationPlatforms) = preSolution
		Debug|Any CPU = Debug|Any CPU
		Release|Any CPU = Release|Any CPU
	EndGlobalSection
	GlobalSection(ProjectConfigurationPlatforms) = postSolution
		{B3403C21-2FFF-43D1-BF0A-A259FABFDD7E}.Debug|Any CPU.ActiveCfg = Debug|Any CPU
		{B3403C21-2FFF-43D1-BF0A-A259FABFDD7E}.Debug|Any CPU.Build.0 = Debug|Any CPU
		{B3403C21-2FFF-43D1-BF0A-A259FABFDD7E}.Release|Any CPU.ActiveCfg = Release|Any CPU
		{B3403C21-2FFF-43D1-BF0A-A259FABFDD7E}.Release|Any CPU.Build.0 = Release|Any CPU
		{7BADD11B-C175-4570-9F7B-6E97D55A6567}.Debug|Any CPU.ActiveCfg = Debug|Any CPU
		{7BADD11B-C175-4570-9F7B-6E97D55A6567}.Debug|Any CPU.Build.0 = Debug|Any CPU
		{7BADD11B-C175-4570-9F7B-6E97D55A6567}.Release|Any CPU.ActiveCfg = Release|Any CPU
		{7BADD11B-C175-4570-9F7B-6E97D55A6567}.Release|Any CPU.Build.0 = Release|Any CPU
	EndGlobalSection
	GlobalSection(SolutionProperties) = preSolution
		HideSolutionNode = FALSE
	EndGlobalSection
	GlobalSection(ExtensibilityGlobals) = postSolution
		SolutionGuid = {41E16D42-0F95-46B6-8AD0-1C348075272E}
	EndGlobalSection
EndGlobal
